
Microsoft Visual Studio Solution File, Format Version 12.00
# Visual Studio Version 17
VisualStudioVersion = 17.7.34031.279
MinimumVisualStudioVersion = 10.0.40219.1
Project("{FAE04EC0-301F-11D3-BF4B-00C04F79EFBC}") = "Ukol4UpravaKartoteky", "Ukol4UpravaKartoteky\Ukol4UpravaKartoteky.csproj", "{DF764927-96E9-458D-AD8B-0FBF4BA63F8B}"
EndProject
Global
	GlobalSection(SolutionConfigurationPlatforms) = preSolution
		Debug|Any CPU = Debug|Any CPU
		Release|Any CPU = Release|Any CPU
	EndGlobalSection
	GlobalSection(ProjectConfigurationPlatforms) = postSolution
		{DF764927-96E9-458D-AD8B-0FBF4BA63F8B}.Debug|Any CPU.ActiveCfg = Debug|Any CPU
		{DF764927-96E9-458D-AD8B-0FBF4BA63F8B}.Debug|Any CPU.Build.0 = Debug|Any CPU
		{DF764927-96E9-458D-AD8B-0FBF4BA63F8B}.Release|Any CPU.ActiveCfg = Release|Any CPU
		{DF764927-96E9-458D-AD8B-0FBF4BA63F8B}.Release|Any CPU.Build.0 = Release|Any CPU
	EndGlobalSection
	GlobalSection(SolutionProperties) = preSolution
		HideSolutionNode = FALSE
	EndGlobalSection
	GlobalSection(ExtensibilityGlobals) = postSolution
		SolutionGuid = {49168B39-D4EC-48E0-B23D-40CEC0914F03}
	EndGlobalSection
EndGlobal
